// !$*UTF8*$!
{
	archiveVersion = 1;
	classes = {
	};
	objectVersion = 46;
	objects = {

/* Begin PBXBuildFile section */
		D84DE8B61D6A5D2A00191C1D /* ProductCell.swift in Sources */ = {isa = PBXBuildFile; fileRef = D84DE8B51D6A5D2A00191C1D /* ProductCell.swift */; };
		D89705C51D668EF30081A80C /* AppDelegate.swift in Sources */ = {isa = PBXBuildFile; fileRef = D89705C41D668EF30081A80C /* AppDelegate.swift */; };
		D89705C71D668EF30081A80C /* ViewController.swift in Sources */ = {isa = PBXBuildFile; fileRef = D89705C61D668EF30081A80C /* ViewController.swift */; };
		D89705CA1D668EF30081A80C /* Main.storyboard in Resources */ = {isa = PBXBuildFile; fileRef = D89705C81D668EF30081A80C /* Main.storyboard */; };
		D89705CC1D668EF30081A80C /* Assets.xcassets in Resources */ = {isa = PBXBuildFile; fileRef = D89705CB1D668EF30081A80C /* Assets.xcassets */; };
		D89705CF1D668EF30081A80C /* LaunchScreen.storyboard in Resources */ = {isa = PBXBuildFile; fileRef = D89705CD1D668EF30081A80C /* LaunchScreen.storyboard */; };
		D89705D71D6748B30081A80C /* Product.swift in Sources */ = {isa = PBXBuildFile; fileRef = D89705D61D6748B30081A80C /* Product.swift */; };
/* End PBXBuildFile section */

/* Begin PBXFileReference section */
		D84DE8B51D6A5D2A00191C1D /* ProductCell.swift */ = {isa = PBXFileReference; fileEncoding = 4; lastKnownFileType = sourcecode.swift; name = ProductCell.swift; path = ../ProductCell.swift; sourceTree = "<group>"; };
		D89705C11D668EF30081A80C /* Shopicruit.app */ = {isa = PBXFileReference; explicitFileType = wrapper.application; includeInIndex = 0; path = Shopicruit.app; sourceTree = BUILT_PRODUCTS_DIR; };
		D89705C41D668EF30081A80C /* AppDelegate.swift */ = {isa = PBXFileReference; lastKnownFileType = sourcecode.swift; path = AppDelegate.swift; sourceTree = "<group>"; };
		D89705C61D668EF30081A80C /* ViewController.swift */ = {isa = PBXFileReference; lastKnownFileType = sourcecode.swift; path = ViewController.swift; sourceTree = "<group>"; };
		D89705C91D668EF30081A80C /* Base */ = {isa = PBXFileReference; lastKnownFileType = file.storyboard; name = Base; path = Base.lproj/Main.storyboard; sourceTree = "<group>"; };
		D89705CB1D668EF30081A80C /* Assets.xcassets */ = {isa = PBXFileReference; lastKnownFileType = folder.assetcatalog; path = Assets.xcassets; sourceTree = "<group>"; };
		D89705CE1D668EF30081A80C /* Base */ = {isa = PBXFileReference; lastKnownFileType = file.storyboard; name = Base; path = Base.lproj/LaunchScreen.storyboard; sourceTree = "<group>"; };
		D89705D01D668EF30081A80C /* Info.plist */ = {isa = PBXFileReference; lastKnownFileType = text.plist.xml; path = Info.plist; sourceTree = "<group>"; };
		D89705D61D6748B30081A80C /* Product.swift */ = {isa = PBXFileReference; fileEncoding = 4; lastKnownFileType = sourcecode.swift; path = Product.swift; sourceTree = "<group>"; };
/* End PBXFileReference section */

/* Begin PBXFrameworksBuildPhase section */
		D89705BE1D668EF30081A80C /* Frameworks */ = {
			isa = PBXFrameworksBuildPhase;
			buildActionMask = 2147483647;
			files = (
			);
			runOnlyForDeploymentPostprocessing = 0;
		};
/* End PBXFrameworksBuildPhase section */

/* Begin PBXGroup section */
		D89705B81D668EF30081A80C = {
			isa = PBXGroup;
			children = (
				D89705C31D668EF30081A80C /* Shopicruit */,
				D89705C21D668EF30081A80C /* Products */,
			);
			sourceTree = "<group>";
		};
		D89705C21D668EF30081A80C /* Products */ = {
			isa = PBXGroup;
			children = (
				D89705C11D668EF30081A80C /* Shopicruit.app */,
			);
			name = Products;
			sourceTree = "<group>";
		};
		D89705C31D668EF30081A80C /* Shopicruit */ = {
			isa = PBXGroup;
			children = (
				D84DE8B51D6A5D2A00191C1D /* ProductCell.swift */,
				D89705C41D668EF30081A80C /* AppDelegate.swift */,
				D89705C61D668EF30081A80C /* ViewController.swift */,
				D89705D61D6748B30081A80C /* Product.swift */,
				D89705C81D668EF30081A80C /* Main.storyboard */,
				D89705CB1D668EF30081A80C /* Assets.xcassets */,
				D89705CD1D668EF30081A80C /* LaunchScreen.storyboard */,
				D89705D01D668EF30081A80C /* Info.plist */,
			);
			path = Shopicruit;
			sourceTree = "<group>";
		};
/* End PBXGroup section */

/* Begin PBXNativeTarget section */
		D89705C01D668EF30081A80C /* Shopicruit */ = {
			isa = PBXNativeTarget;
			buildConfigurationList = D89705D31D668EF30081A80C /* Build configuration list for PBXNativeTarget "Shopicruit" */;
			buildPhases = (
				D89705BD1D668EF30081A80C /* Sources */,
				D89705BE1D668EF30081A80C /* Frameworks */,
				D89705BF1D668EF30081A80C /* Resources */,
			);
			buildRules = (
			);
			dependencies = (
			);
			name = Shopicruit;
			productName = Shopicruit;
			productReference = D89705C11D668EF30081A80C /* Shopicruit.app */;
			productType = "com.apple.product-type.application";
		};
/* End PBXNativeTarget section */

/* Begin PBXProject section */
		D89705B91D668EF30081A80C /* Project object */ = {
			isa = PBXProject;
			attributes = {
				LastSwiftUpdateCheck = 0730;
				LastUpgradeCheck = 0730;
				ORGANIZATIONNAME = fvergara;
				TargetAttributes = {
					D89705C01D668EF30081A80C = {
						CreatedOnToolsVersion = 7.3.1;
						DevelopmentTeam = DZ2LJDS532;
					};
				};
			};
			buildConfigurationList = D89705BC1D668EF30081A80C /* Build configuration list for PBXProject "Shopicruit" */;
			compatibilityVersion = "Xcode 3.2";
			developmentRegion = English;
			hasScannedForEncodings = 0;
			knownRegions = (
				en,
				Base,
			);
			mainGroup = D89705B81D668EF30081A80C;
			productRefGroup = D89705C21D668EF30081A80C /* Products */;
			projectDirPath = "";
			projectRoot = "";
			targets = (
				D89705C01D668EF30081A80C /* Shopicruit */,
			);
		};
/* End PBXProject section */

/* Begin PBXResourcesBuildPhase section */
		D89705BF1D668EF30081A80C /* Resources */ = {
			isa = PBXResourcesBuildPhase;
			buildActionMask = 2147483647;
			files = (
				D89705CF1D668EF30081A80C /* LaunchScreen.storyboard in Resources */,
				D89705CC1D668EF30081A80C /* Assets.xcassets in Resources */,
				D89705CA1D668EF30081A80C /* Main.storyboard in Resources */,
			);
			runOnlyForDeploymentPostprocessing = 0;
		};
/* End PBXResourcesBuildPhase section */

/* Begin PBXSourcesBuildPhase section */
		D89705BD1D668EF30081A80C /* Sources */ = {
			isa = PBXSourcesBuildPhase;
			buildActionMask = 2147483647;
			files = (
				D89705C71D668EF30081A80C /* ViewController.swift in Sources */,
				D84DE8B61D6A5D2A00191C1D /* ProductCell.swift in Sources */,
				D89705C51D668EF30081A80C /* AppDelegate.swift in Sources */,
				D89705D71D6748B30081A80C /* Product.swift in Sources */,
			);
			runOnlyForDeploymentPostprocessing = 0;
		};
/* End PBXSourcesBuildPhase section */

/* Begin PBXVariantGroup section */
		D89705C81D668EF30081A80C /* Main.storyboard */ = {
			isa = PBXVariantGroup;
			children = (
				D89705C91D668EF30081A80C /* Base */,
			);
			name = Main.storyboard;
			sourceTree = "<group>";
		};
		D89705CD1D668EF30081A80C /* LaunchScreen.storyboard */ = {
			isa = PBXVariantGroup;
			children = (
				D89705CE1D668EF30081A80C /* Base */,
			);
			name = LaunchScreen.storyboard;
			sourceTree = "<group>";
		};
/* End PBXVariantGroup section */

/* Begin XCBuildConfiguration section */
		D89705D11D668EF30081A80C /* Debug */ = {
			isa = XCBuildConfiguration;
			buildSettings = {
				ALWAYS_SEARCH_USER_PATHS = NO;
				CLANG_ANALYZER_NONNULL = YES;
				CLANG_CXX_LANGUAGE_STANDARD = "gnu++0x";
				CLANG_CXX_LIBRARY = "libc++";
				CLANG_ENABLE_MODULES = YES;
				CLANG_ENABLE_OBJC_ARC = YES;
				CLANG_WARN_BOOL_CONVERSION = YES;
				CLANG_WARN_CONSTANT_CONVERSION = YES;
				CLANG_WARN_DIRECT_OBJC_ISA_USAGE = YES_ERROR;
				CLANG_WARN_EMPTY_BODY = YES;
				CLANG_WARN_ENUM_CONVERSION = YES;
				CLANG_WARN_INT_CONVERSION = YES;
				CLANG_WARN_OBJC_ROOT_CLASS = YES_ERROR;
				CLANG_WARN_UNREACHABLE_CODE = YES;
				CLANG_WARN__DUPLICATE_METHOD_MATCH = YES;
				"CODE_SIGN_IDENTITY[sdk=iphoneos*]" = "iPhone Developer";
				COPY_PHASE_STRIP = NO;
				DEBUG_INFORMATION_FORMAT = dwarf;
				ENABLE_STRICT_OBJC_MSGSEND = YES;
				ENABLE_TESTABILITY = YES;
				GCC_C_LANGUAGE_STANDARD = gnu99;
				GCC_DYNAMIC_NO_PIC = NO;
				GCC_NO_COMMON_BLOCKS = YES;
				GCC_OPTIMIZATION_LEVEL = 0;
				GCC_PREPROCESSOR_DEFINITIONS = (
					"DEBUG=1",
					"$(inherited)",
				);
				GCC_WARN_64_TO_32_BIT_CONVERSION = YES;
				GCC_WARN_ABOUT_RETURN_TYPE = YES_ERROR;
				GCC_WARN_UNDECLARED_SELECTOR = YES;
				GCC_WARN_UNINITIALIZED_AUTOS = YES_AGGRESSIVE;
				GCC_WARN_UNUSED_FUNCTION = YES;
				GCC_WARN_UNUSED_VARIABLE = YES;
				IPHONEOS_DEPLOYMENT_TARGET = 9.3;
				MTL_ENABLE_DEBUG_INFO = YES;
				ONLY_ACTIVE_ARCH = YES;
				SDKROOT = iphoneos;
				SWIFT_OPTIMIZATION_LEVEL = "-Onone";
			};
			name = Debug;
		};
		D89705D21D668EF30081A80C /* Release */ = {
			isa = XCBuildConfiguration;
			buildSettings = {
				ALWAYS_SEARCH_USER_PATHS = NO;
				CLANG_ANALYZER_NONNULL = YES;
				CLANG_CXX_LANGUAGE_STANDARD = "gnu++0x";
				CLANG_CXX_LIBRARY = "libc++";
				CLANG_ENABLE_MODULES = YES;
				CLANG_ENABLE_OBJC_ARC = YES;
				CLANG_WARN_BOOL_CONVERSION = YES;
				CLANG_WARN_CONSTANT_CONVERSION = YES;
				CLANG_WARN_DIRECT_OBJC_ISA_USAGE = YES_ERROR;
				CLANG_WARN_EMPTY_BODY = YES;
				CLANG_WARN_ENUM_CONVERSION = YES;
				CLANG_WARN_INT_CONVERSION = YES;
				CLANG_WARN_OBJC_ROOT_CLASS = YES_ERROR;
				CLANG_WARN_UNREACHABLE_CODE = YES;
				CLANG_WARN__DUPLICATE_METHOD_MATCH = YES;
				"CODE_SIGN_IDENTITY[sdk=iphoneos*]" = "iPhone Developer";
				COPY_PHASE_STRIP = NO;
				DEBUG_INFORMATION_FORMAT = "dwarf-with-dsym";
				ENABLE_NS_ASSERTIONS = NO;
				ENABLE_STRICT_OBJC_MSGSEND = YES;
				GCC_C_LANGUAGE_STANDARD = gnu99;
				GCC_NO_COMMON_BLOCKS = YES;
				GCC_WARN_64_TO_32_BIT_CONVERSION = YES;
				GCC_WARN_ABOUT_RETURN_TYPE = YES_ERROR;
				GCC_WARN_UNDECLARED_SELECTOR = YES;
				GCC_WARN_UNINITIALIZED_AUTOS = YES_AGGRESSIVE;
				GCC_WARN_UNUSED_FUNCTION = YES;
				GCC_WARN_UNUSED_VARIABLE = YES;
				IPHONEOS_DEPLOYMENT_TARGET = 9.3;
				MTL_ENABLE_DEBUG_INFO = NO;
				SDKROOT = iphoneos;
				VALIDATE_PRODUCT = YES;
			};
			name = Release;
		};
		D89705D41D668EF30081A80C /* Debug */ = {
			isa = XCBuildConfiguration;
			buildSettings = {
				ASSETCATALOG_COMPILER_APPICON_NAME = AppIcon;
				INFOPLIST_FILE = Shopicruit/Info.plist;
				IPHONEOS_DEPLOYMENT_TARGET = 9.0;
				LD_RUNPATH_SEARCH_PATHS = "$(inherited) @executable_path/Frameworks";
				PRODUCT_BUNDLE_IDENTIFIER = com.fvergara.Shopicruit;
				PRODUCT_NAME = "$(TARGET_NAME)";
			};
			name = Debug;
		};
		D89705D51D668EF30081A80C /* Release */ = {
			isa = XCBuildConfiguration;
			buildSettings = {
				ASSETCATALOG_COMPILER_APPICON_NAME = AppIcon;
				INFOPLIST_FILE = Shopicruit/Info.plist;
				IPHONEOS_DEPLOYMENT_TARGET = 9.0;
				LD_RUNPATH_SEARCH_PATHS = "$(inherited) @executable_path/Frameworks";
				PRODUCT_BUNDLE_IDENTIFIER = com.fvergara.Shopicruit;
				PRODUCT_NAME = "$(TARGET_NAME)";
			};
			name = Release;
		};
/* End XCBuildConfiguration section */

/* Begin XCConfigurationList section */
		D89705BC1D668EF30081A80C /* Build configuration list for PBXProject "Shopicruit" */ = {
			isa = XCConfigurationList;
			buildConfigurations = (
				D89705D11D668EF30081A80C /* Debug */,
				D89705D21D668EF30081A80C /* Release */,
			);
			defaultConfigurationIsVisible = 0;
			defaultConfigurationName = Release;
		};
		D89705D31D668EF30081A80C /* Build configuration list for PBXNativeTarget "Shopicruit" */ = {
			isa = XCConfigurationList;
			buildConfigurations = (
				D89705D41D668EF30081A80C /* Debug */,
				D89705D51D668EF30081A80C /* Release */,
			);
			defaultConfigurationIsVisible = 0;
			defaultConfigurationName = Release;
		};
/* End XCConfigurationList section */
	};
	rootObject = D89705B91D668EF30081A80C /* Project object */;
}
